
Microsoft Visual Studio Solution File, Format Version 12.00
# Visual Studio Version 17
VisualStudioVersion = 17.1.32319.34
MinimumVisualStudioVersion = 10.0.40219.1
Project("{9A19103F-16F7-4668-BE54-9A1E7A4F7556}") = "Squad9.Client.API", "Squad9.Client.API\Squad9.Client.API.csproj", "{AAEFC3F7-57D5-4DD9-ADD7-EA50F9F322EB}"
EndProject
Project("{9A19103F-16F7-4668-BE54-9A1E7A4F7556}") = "Squad9.Client.Front", "Squad9.Client\Squad9.Client.Front.csproj", "{258067A1-369D-4071-8A01-847D341A8FAD}"
EndProject
Project("{9A19103F-16F7-4668-BE54-9A1E7A4F7556}") = "Squad9.Entidade.API", "Squad9.Dividas\Squad9.Entidade.API.csproj", "{9FFE0B78-68D1-47D1-BF51-CCAC29E821AA}"
EndProject
Project("{2150E333-8FDC-42A3-9474-1A3956D46DE8}") = "Front", "Front", "{52A18BFD-5B3B-43F4-B09F-9105383B54B6}"
EndProject
Project("{2150E333-8FDC-42A3-9474-1A3956D46DE8}") = "Back", "Back", "{1F973AA8-F0DF-4C21-9659-17A97E6B49AB}"
EndProject
Global
	GlobalSection(SolutionConfigurationPlatforms) = preSolution
		Debug|Any CPU = Debug|Any CPU
		Release|Any CPU = Release|Any CPU
	EndGlobalSection
	GlobalSection(ProjectConfigurationPlatforms) = postSolution
		{AAEFC3F7-57D5-4DD9-ADD7-EA50F9F322EB}.Debug|Any CPU.ActiveCfg = Debug|Any CPU
		{AAEFC3F7-57D5-4DD9-ADD7-EA50F9F322EB}.Debug|Any CPU.Build.0 = Debug|Any CPU
		{AAEFC3F7-57D5-4DD9-ADD7-EA50F9F322EB}.Release|Any CPU.ActiveCfg = Release|Any CPU
		{AAEFC3F7-57D5-4DD9-ADD7-EA50F9F322EB}.Release|Any CPU.Build.0 = Release|Any CPU
		{258067A1-369D-4071-8A01-847D341A8FAD}.Debug|Any CPU.ActiveCfg = Debug|Any CPU
		{258067A1-369D-4071-8A01-847D341A8FAD}.Debug|Any CPU.Build.0 = Debug|Any CPU
		{258067A1-369D-4071-8A01-847D341A8FAD}.Release|Any CPU.ActiveCfg = Release|Any CPU
		{258067A1-369D-4071-8A01-847D341A8FAD}.Release|Any CPU.Build.0 = Release|Any CPU
		{9FFE0B78-68D1-47D1-BF51-CCAC29E821AA}.Debug|Any CPU.ActiveCfg = Debug|Any CPU
		{9FFE0B78-68D1-47D1-BF51-CCAC29E821AA}.Debug|Any CPU.Build.0 = Debug|Any CPU
		{9FFE0B78-68D1-47D1-BF51-CCAC29E821AA}.Release|Any CPU.ActiveCfg = Release|Any CPU
		{9FFE0B78-68D1-47D1-BF51-CCAC29E821AA}.Release|Any CPU.Build.0 = Release|Any CPU
	EndGlobalSection
	GlobalSection(SolutionProperties) = preSolution
		HideSolutionNode = FALSE
	EndGlobalSection
	GlobalSection(NestedProjects) = preSolution
		{AAEFC3F7-57D5-4DD9-ADD7-EA50F9F322EB} = {1F973AA8-F0DF-4C21-9659-17A97E6B49AB}
		{258067A1-369D-4071-8A01-847D341A8FAD} = {52A18BFD-5B3B-43F4-B09F-9105383B54B6}
		{9FFE0B78-68D1-47D1-BF51-CCAC29E821AA} = {1F973AA8-F0DF-4C21-9659-17A97E6B49AB}
	EndGlobalSection
	GlobalSection(ExtensibilityGlobals) = postSolution
		SolutionGuid = {DDFDDE28-6D63-4848-9B6C-C10A487BEB97}
	EndGlobalSection
EndGlobal
